github.com/BurntSushi/toml v0.3.1 h1:WXkYYl6Yr3qBf1K79EBnL4mak0OimBfB0XUf9Vl28OQ=
github.com/BurntSushi/toml v0.3.1/go.mod h1:xHWCNGjB5oqiDr8zfno3MHue2Ht5sIBksp03qcyfWMU=
github.com/cdutwhu/debog v0.2.12 h1:1Si7VftJfLAeSec3NAHoGPPt7Li0R1CHa7mjb+cRO8k=
github.com/cdutwhu/debog v0.2.12/go.mod h1:qMQrHVozPZKANb+rDva6fnK453xaQ/pXGgo9tXifJQI=
github.com/cdutwhu/gotil v0.1.31 h1:euWFnfBrUK18OQug2BXRiQxpURzNno/j1EHEXCMr8Rc=
github.com/cdutwhu/gotil v0.1.31/go.mod h1:J9chaFSD2sBC6a+TN57vFKgY1ow6M5dRlg7gMZWpdO8=
github.com/davecgh/go-spew v1.1.0/go.mod h1:J7Y8YcW2NihsgmVo/mv3lAwl/skON4iLHjSsI+c5H38=
github.com/davecgh/go-spew v1.1.1/go.mod h1:J7Y8YcW2NihsgmVo/mv3lAwl/skON4iLHjSsI+c5H38=
github.com/digisan/gotk v0.0.2 h1:PzkhGOBRSGTVWIsM+QLzZlUg3JYKOZkLLXqa+Fe6j/Q=
github.com/digisan/gotk v0.0.2/go.mod h1:0wcy9B48yQflK0HkIAqXTypPYk1tEfqexh49jG2nAPc=
github.com/go-xmlfmt/xmlfmt v0.0.0-20191208150333-d5b6f63a941b h1:khEcpUM4yFcxg4/FHQWkvVRmgijNXRfzkIDHh23ggEo=
github.com/go-xmlfmt/xmlfmt v0.0.0-20191208150333-d5b6f63a941b/go.mod h1:aUCEOzzezBEjDBbFBoSiya/gduyIiWYRP6CnSFIV8AM=
github.com/gookit/color v1.3.7/go.mod h1:R3ogXq2B9rTbXoSHJ1HyUVAZ3poOJHpd9nQmyGZsfvQ=
github.com/gookit/color v1.3.8 h1:w2WcSwaCa1ojRWO60Mm4GJUJomBNKR9G+x9DwaaCL1c=
github.com/gookit/color v1.3.8/go.mod h1:R3ogXq2B9rTbXoSHJ1HyUVAZ3poOJHpd9nQmyGZsfvQ=
github.com/konsorten/go-windows-terminal-sequences v1.0.3/go.mod h1:T0+1ngSBFLxvqU3pZ+m/2kptfBszLMUkC4ZK/EgS/cQ=
github.com/opentracing/opentracing-go v1.2.0 h1:uEJPy/1a5RIPAJ0Ov+OIO8OxWu77jEv+1B0VhjKrZUs=
github.com/opentracing/opentracing-go v1.2.0/go.mod h1:GxEUsuufX4nBwe+T+Wl9TAgYrxe9dPLANfrWvHYVTgc=
github.com/pkg/errors v0.9.1 h1:FEBLx1zS214owpjy7qsBeixbURkuhQAwrK5UwLGTwt4=
github.com/pkg/errors v0.9.1/go.mod h1:bwawxfHBFNV+L2hUp1rHADufV3IMtnDRdf1r5NINEl0=
github.com/pmezard/go-difflib v1.0.0/go.mod h1:iKH77koFhYxTK1pcRnkKkqfTogsbg7gZNVY4sRDYZ/4=
github.com/sirupsen/logrus v1.8.1 h1:dJKuHgqk1NNQlqoA6BTlM1Wf9DOH3NBjQyu0h9+AZZE=
github.com/sirupsen/logrus v1.8.1/go.mod h1:yWOB1SBYBC5VeMP7gHvWumXLIWorT60ONWic61uBYv0=
github.com/stretchr/objx v0.1.0/go.mod h1:HFkY916IF+rwdDfMAkV7OtwuqBVzrE8GR6GFx+wExME=
github.com/stretchr/testify v1.2.2/go.mod h1:a8OnRcib4nhh0OaRAV+Yts87kKdq0PP7pXfy6kDkUVs=
github.com/stretchr/testify v1.3.0/go.mod h1:M5WIy9Dh21IEIfnGCwXGc5bZfKNJtfHm1UVUgZn+9EI=
github.com/uber/jaeger-client-go v2.25.0+incompatible h1:IxcNZ7WRY1Y3G4poYlx24szfsn/3LvK9QHCq9oQw8+U=
github.com/uber/jaeger-client-go v2.25.0+incompatible/go.mod h1:WVhlPFC8FDjOFMMWRy2pZqQJSXxYSwNYOkTr/Z6d3Kk=
github.com/uber/jaeger-lib v2.4.0+incompatible h1:fY7QsGQWiCt8pajv4r7JEvmATdCVaWxXbjwyYwsNaLQ=
github.com/uber/jaeger-lib v2.4.0+incompatible/go.mod h1:ComeNDZlWwrWnDv8aPp0Ba6+uUTzImX/AauajbLI56U=
go.uber.org/atomic v1.7.0 h1:ADUqmZGgLDDfbSL9ZmPxKTybcoEYHgpYfELNoN+7hsw=
go.uber.org/atomic v1.7.0/go.mod h1:fEN4uk6kAWBTFdckzkM89CLk9XfWZrxpCo0nPH17wJc=
golang.org/x/sys v0.0.0-20191026070338-33540a1f6037/go.mod h1:h1NjWce9XRLGQEsW7wpKNCjG9DtNlClVuFLEZdDNbEs=
golang.org/x/sys v0.0.0-20210320140829-1e4c9ba3b0c4 h1:EZ2mChiOa8udjfp6rRmswTbtZN/QzUQp4ptM4rnjHvc=
golang.org/x/sys v0.0.0-20210320140829-1e4c9ba3b0c4/go.mod h1:h1NjWce9XRLGQEsW7wpKNCjG9DtNlClVuFLEZdDNbEs=
